<Solution>
  <Folder Name="/Solution Items/">
    <File Path=".editorconfig" />
    <File Path="Directory.Build.props" />
  </Folder>
  <Project Path="Cyborg.Cli/Cyborg.Cli.csproj" />
  <Project Path="Cyborg.Core.Roslyn/Cyborg.Core.Aot.csproj" />
  <Project Path="Cyborg.Core/Cyborg.Core.csproj" />
  <Project Path="Foo/Foo.csproj" Id="7d56489f-4530-4808-8f7f-f2b5b46f5c86" />
</Solution>
