<Solution>
  <Folder Name="/Solution Items/">
    <File Path=".editorconfig" />
    <File Path="Directory.Build.props" />
  </Folder>
  <Project Path="Cyborg.Cli/Cyborg.Cli.csproj" />
  <Project Path="Cyborg.Core.Aot/Cyborg.Core.Aot.csproj" />
  <Project Path="Cyborg.Core/Cyborg.Core.csproj" />
  <Project Path="Cyborg.Modules/Cyborg.Modules.csproj" Id="abcd666f-abb6-46d2-90b5-e9f011fd9e6d" />
</Solution>
